// !$*UTF8*$!
{
	archiveVersion = 1;
	classes = {
	};
	objectVersion = 50;
	objects = {

/* Begin PBXBuildFile section */
		83376A982145F71100799BD2 /* AppDelegate.swift in Sources */ = {isa = PBXBuildFile; fileRef = 83376A972145F71100799BD2 /* AppDelegate.swift */; };
		83376A9A2145F71100799BD2 /* ViewController.swift in Sources */ = {isa = PBXBuildFile; fileRef = 83376A992145F71100799BD2 /* ViewController.swift */; };
		83376A9D2145F71100799BD2 /* Main.storyboard in Resources */ = {isa = PBXBuildFile; fileRef = 83376A9B2145F71100799BD2 /* Main.storyboard */; };
		83376A9F2145F71300799BD2 /* Assets.xcassets in Resources */ = {isa = PBXBuildFile; fileRef = 83376A9E2145F71300799BD2 /* Assets.xcassets */; };
		83376AA22145F71300799BD2 /* LaunchScreen.storyboard in Resources */ = {isa = PBXBuildFile; fileRef = 83376AA02145F71300799BD2 /* LaunchScreen.storyboard */; };
		83376AAB2146005A00799BD2 /* PopupDatePicker.swift in Sources */ = {isa = PBXBuildFile; fileRef = 83376AA92146005A00799BD2 /* PopupDatePicker.swift */; };
		83376AAC2146005A00799BD2 /* PopupDatePicker.xib in Resources */ = {isa = PBXBuildFile; fileRef = 83376AAA2146005A00799BD2 /* PopupDatePicker.xib */; };
		83376AB02146180C00799BD2 /* Calendar+Extention.swift in Sources */ = {isa = PBXBuildFile; fileRef = 83376AAF2146180C00799BD2 /* Calendar+Extention.swift */; };
/* End PBXBuildFile section */

/* Begin PBXFileReference section */
		83376A942145F71100799BD2 /* libSelectCalendar.app */ = {isa = PBXFileReference; explicitFileType = wrapper.application; includeInIndex = 0; path = libSelectCalendar.app; sourceTree = BUILT_PRODUCTS_DIR; };
		83376A972145F71100799BD2 /* AppDelegate.swift */ = {isa = PBXFileReference; lastKnownFileType = sourcecode.swift; path = AppDelegate.swift; sourceTree = "<group>"; };
		83376A992145F71100799BD2 /* ViewController.swift */ = {isa = PBXFileReference; lastKnownFileType = sourcecode.swift; path = ViewController.swift; sourceTree = "<group>"; };
		83376A9C2145F71100799BD2 /* Base */ = {isa = PBXFileReference; lastKnownFileType = file.storyboard; name = Base; path = Base.lproj/Main.storyboard; sourceTree = "<group>"; };
		83376A9E2145F71300799BD2 /* Assets.xcassets */ = {isa = PBXFileReference; lastKnownFileType = folder.assetcatalog; path = Assets.xcassets; sourceTree = "<group>"; };
		83376AA12145F71300799BD2 /* Base */ = {isa = PBXFileReference; lastKnownFileType = file.storyboard; name = Base; path = Base.lproj/LaunchScreen.storyboard; sourceTree = "<group>"; };
		83376AA32145F71300799BD2 /* Info.plist */ = {isa = PBXFileReference; lastKnownFileType = text.plist.xml; path = Info.plist; sourceTree = "<group>"; };
		83376AA92146005A00799BD2 /* PopupDatePicker.swift */ = {isa = PBXFileReference; lastKnownFileType = sourcecode.swift; path = PopupDatePicker.swift; sourceTree = "<group>"; };
		83376AAA2146005A00799BD2 /* PopupDatePicker.xib */ = {isa = PBXFileReference; lastKnownFileType = file.xib; path = PopupDatePicker.xib; sourceTree = "<group>"; };
		83376AAF2146180C00799BD2 /* Calendar+Extention.swift */ = {isa = PBXFileReference; lastKnownFileType = sourcecode.swift; path = "Calendar+Extention.swift"; sourceTree = "<group>"; };
/* End PBXFileReference section */

/* Begin PBXFrameworksBuildPhase section */
		83376A912145F71100799BD2 /* Frameworks */ = {
			isa = PBXFrameworksBuildPhase;
			buildActionMask = 2147483647;
			files = (
			);
			runOnlyForDeploymentPostprocessing = 0;
		};
/* End PBXFrameworksBuildPhase section */

/* Begin PBXGroup section */
		83376A8B2145F71100799BD2 = {
			isa = PBXGroup;
			children = (
				83376A962145F71100799BD2 /* libSelectCalendar */,
				83376A952145F71100799BD2 /* Products */,
			);
			sourceTree = "<group>";
		};
		83376A952145F71100799BD2 /* Products */ = {
			isa = PBXGroup;
			children = (
				83376A942145F71100799BD2 /* libSelectCalendar.app */,
			);
			name = Products;
			sourceTree = "<group>";
		};
		83376A962145F71100799BD2 /* libSelectCalendar */ = {
			isa = PBXGroup;
			children = (
				83376A972145F71100799BD2 /* AppDelegate.swift */,
				83376A992145F71100799BD2 /* ViewController.swift */,
				83376A9B2145F71100799BD2 /* Main.storyboard */,
				83376A9E2145F71300799BD2 /* Assets.xcassets */,
				83376AA02145F71300799BD2 /* LaunchScreen.storyboard */,
				83376AA32145F71300799BD2 /* Info.plist */,
				83376AA92146005A00799BD2 /* PopupDatePicker.swift */,
				83376AAA2146005A00799BD2 /* PopupDatePicker.xib */,
				83376AAF2146180C00799BD2 /* Calendar+Extention.swift */,
			);
			path = libSelectCalendar;
			sourceTree = "<group>";
		};
/* End PBXGroup section */

/* Begin PBXNativeTarget section */
		83376A932145F71100799BD2 /* libSelectCalendar */ = {
			isa = PBXNativeTarget;
			buildConfigurationList = 83376AA62145F71300799BD2 /* Build configuration list for PBXNativeTarget "libSelectCalendar" */;
			buildPhases = (
				83376A902145F71100799BD2 /* Sources */,
				83376A912145F71100799BD2 /* Frameworks */,
				83376A922145F71100799BD2 /* Resources */,
			);
			buildRules = (
			);
			dependencies = (
			);
			name = libSelectCalendar;
			productName = libSelectCalendar;
			productReference = 83376A942145F71100799BD2 /* libSelectCalendar.app */;
			productType = "com.apple.product-type.application";
		};
/* End PBXNativeTarget section */

/* Begin PBXProject section */
		83376A8C2145F71100799BD2 /* Project object */ = {
			isa = PBXProject;
			attributes = {
				LastSwiftUpdateCheck = 0940;
				LastUpgradeCheck = 0940;
				ORGANIZATIONNAME = mobile;
				TargetAttributes = {
					83376A932145F71100799BD2 = {
						CreatedOnToolsVersion = 9.4.1;
					};
				};
			};
			buildConfigurationList = 83376A8F2145F71100799BD2 /* Build configuration list for PBXProject "libSelectCalendar" */;
			compatibilityVersion = "Xcode 9.3";
			developmentRegion = en;
			hasScannedForEncodings = 0;
			knownRegions = (
				en,
				Base,
			);
			mainGroup = 83376A8B2145F71100799BD2;
			productRefGroup = 83376A952145F71100799BD2 /* Products */;
			projectDirPath = "";
			projectRoot = "";
			targets = (
				83376A932145F71100799BD2 /* libSelectCalendar */,
			);
		};
/* End PBXProject section */

/* Begin PBXResourcesBuildPhase section */
		83376A922145F71100799BD2 /* Resources */ = {
			isa = PBXResourcesBuildPhase;
			buildActionMask = 2147483647;
			files = (
				83376AAC2146005A00799BD2 /* PopupDatePicker.xib in Resources */,
				83376AA22145F71300799BD2 /* LaunchScreen.storyboard in Resources */,
				83376A9F2145F71300799BD2 /* Assets.xcassets in Resources */,
				83376A9D2145F71100799BD2 /* Main.storyboard in Resources */,
			);
			runOnlyForDeploymentPostprocessing = 0;
		};
/* End PBXResourcesBuildPhase section */

/* Begin PBXSourcesBuildPhase section */
		83376A902145F71100799BD2 /* Sources */ = {
			isa = PBXSourcesBuildPhase;
			buildActionMask = 2147483647;
			files = (
				83376A9A2145F71100799BD2 /* ViewController.swift in Sources */,
				83376A982145F71100799BD2 /* AppDelegate.swift in Sources */,
				83376AB02146180C00799BD2 /* Calendar+Extention.swift in Sources */,
				83376AAB2146005A00799BD2 /* PopupDatePicker.swift in Sources */,
			);
			runOnlyForDeploymentPostprocessing = 0;
		};
/* End PBXSourcesBuildPhase section */

/* Begin PBXVariantGroup section */
		83376A9B2145F71100799BD2 /* Main.storyboard */ = {
			isa = PBXVariantGroup;
			children = (
				83376A9C2145F71100799BD2 /* Base */,
			);
			name = Main.storyboard;
			sourceTree = "<group>";
		};
		83376AA02145F71300799BD2 /* LaunchScreen.storyboard */ = {
			isa = PBXVariantGroup;
			children = (
				83376AA12145F71300799BD2 /* Base */,
			);
			name = LaunchScreen.storyboard;
			sourceTree = "<group>";
		};
/* End PBXVariantGroup section */

/* Begin XCBuildConfiguration section */
		83376AA42145F71300799BD2 /* Debug */ = {
			isa = XCBuildConfiguration;
			buildSettings = {
				ALWAYS_SEARCH_USER_PATHS = NO;
				CLANG_ANALYZER_NONNULL = YES;
				CLANG_ANALYZER_NUMBER_OBJECT_CONVERSION = YES_AGGRESSIVE;
				CLANG_CXX_LANGUAGE_STANDARD = "gnu++14";
				CLANG_CXX_LIBRARY = "libc++";
				CLANG_ENABLE_MODULES = YES;
				CLANG_ENABLE_OBJC_ARC = YES;
				CLANG_ENABLE_OBJC_WEAK = YES;
				CLANG_WARN_BLOCK_CAPTURE_AUTORELEASING = YES;
				CLANG_WARN_BOOL_CONVERSION = YES;
				CLANG_WARN_COMMA = YES;
				CLANG_WARN_CONSTANT_CONVERSION = YES;
				CLANG_WARN_DEPRECATED_OBJC_IMPLEMENTATIONS = YES;
				CLANG_WARN_DIRECT_OBJC_ISA_USAGE = YES_ERROR;
				CLANG_WARN_DOCUMENTATION_COMMENTS = YES;
				CLANG_WARN_EMPTY_BODY = YES;
				CLANG_WARN_ENUM_CONVERSION = YES;
				CLANG_WARN_INFINITE_RECURSION = YES;
				CLANG_WARN_INT_CONVERSION = YES;
				CLANG_WARN_NON_LITERAL_NULL_CONVERSION = YES;
				CLANG_WARN_OBJC_IMPLICIT_RETAIN_SELF = YES;
				CLANG_WARN_OBJC_LITERAL_CONVERSION = YES;
				CLANG_WARN_OBJC_ROOT_CLASS = YES_ERROR;
				CLANG_WARN_RANGE_LOOP_ANALYSIS = YES;
				CLANG_WARN_STRICT_PROTOTYPES = YES;
				CLANG_WARN_SUSPICIOUS_MOVE = YES;
				CLANG_WARN_UNGUARDED_AVAILABILITY = YES_AGGRESSIVE;
				CLANG_WARN_UNREACHABLE_CODE = YES;
				CLANG_WARN__DUPLICATE_METHOD_MATCH = YES;
				CODE_SIGN_IDENTITY = "iPhone Developer";
				COPY_PHASE_STRIP = NO;
				DEBUG_INFORMATION_FORMAT = dwarf;
				ENABLE_STRICT_OBJC_MSGSEND = YES;
				ENABLE_TESTABILITY = YES;
				GCC_C_LANGUAGE_STANDARD = gnu11;
				GCC_DYNAMIC_NO_PIC = NO;
				GCC_NO_COMMON_BLOCKS = YES;
				GCC_OPTIMIZATION_LEVEL = 0;
				GCC_PREPROCESSOR_DEFINITIONS = (
					"DEBUG=1",
					"$(inherited)",
				);
				GCC_WARN_64_TO_32_BIT_CONVERSION = YES;
				GCC_WARN_ABOUT_RETURN_TYPE = YES_ERROR;
				GCC_WARN_UNDECLARED_SELECTOR = YES;
				GCC_WARN_UNINITIALIZED_AUTOS = YES_AGGRESSIVE;
				GCC_WARN_UNUSED_FUNCTION = YES;
				GCC_WARN_UNUSED_VARIABLE = YES;
				IPHONEOS_DEPLOYMENT_TARGET = 11.4;
				MTL_ENABLE_DEBUG_INFO = YES;
				ONLY_ACTIVE_ARCH = YES;
				SDKROOT = iphoneos;
				SWIFT_ACTIVE_COMPILATION_CONDITIONS = DEBUG;
				SWIFT_OPTIMIZATION_LEVEL = "-Onone";
			};
			name = Debug;
		};
		83376AA52145F71300799BD2 /* Release */ = {
			isa = XCBuildConfiguration;
			buildSettings = {
				ALWAYS_SEARCH_USER_PATHS = NO;
				CLANG_ANALYZER_NONNULL = YES;
				CLANG_ANALYZER_NUMBER_OBJECT_CONVERSION = YES_AGGRESSIVE;
				CLANG_CXX_LANGUAGE_STANDARD = "gnu++14";
				CLANG_CXX_LIBRARY = "libc++";
				CLANG_ENABLE_MODULES = YES;
				CLANG_ENABLE_OBJC_ARC = YES;
				CLANG_ENABLE_OBJC_WEAK = YES;
				CLANG_WARN_BLOCK_CAPTURE_AUTORELEASING = YES;
				CLANG_WARN_BOOL_CONVERSION = YES;
				CLANG_WARN_COMMA = YES;
				CLANG_WARN_CONSTANT_CONVERSION = YES;
				CLANG_WARN_DEPRECATED_OBJC_IMPLEMENTATIONS = YES;
				CLANG_WARN_DIRECT_OBJC_ISA_USAGE = YES_ERROR;
				CLANG_WARN_DOCUMENTATION_COMMENTS = YES;
				CLANG_WARN_EMPTY_BODY = YES;
				CLANG_WARN_ENUM_CONVERSION = YES;
				CLANG_WARN_INFINITE_RECURSION = YES;
				CLANG_WARN_INT_CONVERSION = YES;
				CLANG_WARN_NON_LITERAL_NULL_CONVERSION = YES;
				CLANG_WARN_OBJC_IMPLICIT_RETAIN_SELF = YES;
				CLANG_WARN_OBJC_LITERAL_CONVERSION = YES;
				CLANG_WARN_OBJC_ROOT_CLASS = YES_ERROR;
				CLANG_WARN_RANGE_LOOP_ANALYSIS = YES;
				CLANG_WARN_STRICT_PROTOTYPES = YES;
				CLANG_WARN_SUSPICIOUS_MOVE = YES;
				CLANG_WARN_UNGUARDED_AVAILABILITY = YES_AGGRESSIVE;
				CLANG_WARN_UNREACHABLE_CODE = YES;
				CLANG_WARN__DUPLICATE_METHOD_MATCH = YES;
				CODE_SIGN_IDENTITY = "iPhone Developer";
				COPY_PHASE_STRIP = NO;
				DEBUG_INFORMATION_FORMAT = "dwarf-with-dsym";
				ENABLE_NS_ASSERTIONS = NO;
				ENABLE_STRICT_OBJC_MSGSEND = YES;
				GCC_C_LANGUAGE_STANDARD = gnu11;
				GCC_NO_COMMON_BLOCKS = YES;
				GCC_WARN_64_TO_32_BIT_CONVERSION = YES;
				GCC_WARN_ABOUT_RETURN_TYPE = YES_ERROR;
				GCC_WARN_UNDECLARED_SELECTOR = YES;
				GCC_WARN_UNINITIALIZED_AUTOS = YES_AGGRESSIVE;
				GCC_WARN_UNUSED_FUNCTION = YES;
				GCC_WARN_UNUSED_VARIABLE = YES;
				IPHONEOS_DEPLOYMENT_TARGET = 11.4;
				MTL_ENABLE_DEBUG_INFO = NO;
				SDKROOT = iphoneos;
				SWIFT_COMPILATION_MODE = wholemodule;
				SWIFT_OPTIMIZATION_LEVEL = "-O";
				VALIDATE_PRODUCT = YES;
			};
			name = Release;
		};
		83376AA72145F71300799BD2 /* Debug */ = {
			isa = XCBuildConfiguration;
			buildSettings = {
				ASSETCATALOG_COMPILER_APPICON_NAME = AppIcon;
				CODE_SIGN_STYLE = Automatic;
				DEVELOPMENT_TEAM = CB7NDRZY49;
				INFOPLIST_FILE = libSelectCalendar/Info.plist;
				LD_RUNPATH_SEARCH_PATHS = (
					"$(inherited)",
					"@executable_path/Frameworks",
				);
				PRODUCT_BUNDLE_IDENTIFIER = com.mobile.libSelectCalendar;
				PRODUCT_NAME = "$(TARGET_NAME)";
				SWIFT_VERSION = 4.0;
				TARGETED_DEVICE_FAMILY = "1,2";
			};
			name = Debug;
		};
		83376AA82145F71300799BD2 /* Release */ = {
			isa = XCBuildConfiguration;
			buildSettings = {
				ASSETCATALOG_COMPILER_APPICON_NAME = AppIcon;
				CODE_SIGN_STYLE = Automatic;
				DEVELOPMENT_TEAM = CB7NDRZY49;
				INFOPLIST_FILE = libSelectCalendar/Info.plist;
				LD_RUNPATH_SEARCH_PATHS = (
					"$(inherited)",
					"@executable_path/Frameworks",
				);
				PRODUCT_BUNDLE_IDENTIFIER = com.mobile.libSelectCalendar;
				PRODUCT_NAME = "$(TARGET_NAME)";
				SWIFT_VERSION = 4.0;
				TARGETED_DEVICE_FAMILY = "1,2";
			};
			name = Release;
		};
/* End XCBuildConfiguration section */

/* Begin XCConfigurationList section */
		83376A8F2145F71100799BD2 /* Build configuration list for PBXProject "libSelectCalendar" */ = {
			isa = XCConfigurationList;
			buildConfigurations = (
				83376AA42145F71300799BD2 /* Debug */,
				83376AA52145F71300799BD2 /* Release */,
			);
			defaultConfigurationIsVisible = 0;
			defaultConfigurationName = Release;
		};
		83376AA62145F71300799BD2 /* Build configuration list for PBXNativeTarget "libSelectCalendar" */ = {
			isa = XCConfigurationList;
			buildConfigurations = (
				83376AA72145F71300799BD2 /* Debug */,
				83376AA82145F71300799BD2 /* Release */,
			);
			defaultConfigurationIsVisible = 0;
			defaultConfigurationName = Release;
		};
/* End XCConfigurationList section */
	};
	rootObject = 83376A8C2145F71100799BD2 /* Project object */;
}
